langcode: en
status: true
dependencies:
  config:
    - field.storage.paragraph.field_pg_block_block
    - paragraphs.paragraphs_type.block
  module:
    - block_field
id: paragraph.block.field_pg_block_block
field_name: field_pg_block_block
entity_type: paragraph
bundle: block
label: Block
description: ''
required: false
translatable: false
default_value: {  }
default_value_callback: ''
settings:
  plugin_ids:
    page_title_block: page_title_block
field_type: block_field
