langcode: en
status: true
dependencies:
  config:
    - field.storage.paragraph.field_p_block_block
    - paragraphs.paragraphs_type.block
  module:
    - block_field
id: paragraph.block.field_p_block_block
field_name: field_p_block_block
entity_type: paragraph
bundle: block
label: Block
description: ''
required: true
translatable: false
default_value: {  }
default_value_callback: ''
settings:
  plugin_ids:
    system_powered_by_block: system_powered_by_block
field_type: block_field
